{
	"name": "cosodate",
	"version": "0.0.1",
	"lockfileVersion": 1,
	"requires": true,
	"dependencies": {
		"@babel/runtime": {
			"version": "7.16.7",
			"resolved": "https://registry.npmjs.org/@babel/runtime/-/runtime-7.16.7.tgz",
			"integrity": "sha512-9E9FJowqAsytyOY6LG+1KuueckRL+aQW+mKvXRXnuFGyRAyepJPmEo9vgMfXUA6O9u3IeEdv9MAkppFcaQwogQ==",
			"requires": {
				"regenerator-runtime": "^0.13.4"
			},
			"dependencies": {
				"regenerator-runtime": {
					"version": "0.13.9",
					"resolved": "https://registry.npmjs.org/regenerator-runtime/-/regenerator-runtime-0.13.9.tgz",
					"integrity": "sha512-p3VT+cOEgxFsRRA9X4lkI1E+k2/CtnKtU4gcxyaCUreilL/vqI6CdZ3wxVUx3UOUg+gnUOQQcRI7BmSI656MYA=="
				}
			}
		},
		"@react-navigation/core": {
			"version": "3.7.9",
			"resolved": "https://registry.npmjs.org/@react-navigation/core/-/core-3.7.9.tgz",
			"integrity": "sha512-EknbzM8OI9A5alRxXtQRV5Awle68B+z1QAxNty5DxmlS3BNfmduWNGnim159ROyqxkuDffK9L/U/Tbd45mx+Jg==",
			"requires": {
				"hoist-non-react-statics": "^3.3.2",
				"path-to-regexp": "^1.8.0",
				"query-string": "^6.13.6",
				"react-is": "^16.13.0"
			},
			"dependencies": {
				"hoist-non-react-statics": {
					"version": "3.3.2",
					"resolved": "https://registry.npmjs.org/hoist-non-react-statics/-/hoist-non-react-statics-3.3.2.tgz",
					"integrity": "sha512-/gGivxi8JPKWNm/W0jSmzcMPpfpPLc3dY/6GxhX2hQ9iGj3aDfklV4ET7NjKpSinLpJ5vafa9iiGIEZg10SfBw==",
					"requires": {
						"react-is": "^16.7.0"
					}
				},
				"path-to-regexp": {
					"version": "1.8.0",
					"resolved": "https://registry.npmjs.org/path-to-regexp/-/path-to-regexp-1.8.0.tgz",
					"integrity": "sha512-n43JRhlUKUAlibEJhPeir1ncUID16QnEjNpwzNdO3Lm4ywrBpBZ5oLD0I6br9evr1Y9JTqwRtAh7JLoOzAQdVA==",
					"requires": {
						"isarray": "0.0.1"
					}
				}
			}
		},
		"@react-navigation/native": {
			"version": "3.8.4",
			"resolved": "https://registry.npmjs.org/@react-navigation/native/-/native-3.8.4.tgz",
			"integrity": "sha512-gXSVcL7bfFDyVkvyg1FiAqTCIgZub5K1X/TZqURBs2CPqDpfX1OsCtB9D33eTF14SpbfgHW866btqrrxoCACfg==",
			"requires": {
				"hoist-non-react-statics": "^3.3.2",
				"react-native-safe-area-view": "^0.14.9"
			},
			"dependencies": {
				"hoist-non-react-statics": {
					"version": "3.3.2",
					"resolved": "https://registry.npmjs.org/hoist-non-react-statics/-/hoist-non-react-statics-3.3.2.tgz",
					"integrity": "sha512-/gGivxi8JPKWNm/W0jSmzcMPpfpPLc3dY/6GxhX2hQ9iGj3aDfklV4ET7NjKpSinLpJ5vafa9iiGIEZg10SfBw==",
					"requires": {
						"react-is": "^16.7.0"
					}
				}
			}
		},
		"add": {
			"version": "2.0.6",
			"resolved": "https://registry.npmjs.org/add/-/add-2.0.6.tgz",
			"integrity": "sha1-JI8Kn25aUo7yKV2+7DBTITCuIjU="
		},
		"ansi-escapes": {
			"version": "1.4.0",
			"resolved": "https://registry.npmjs.org/ansi-escapes/-/ansi-escapes-1.4.0.tgz",
			"integrity": "sha1-06ioOzGapneTZisT52HHkRQiMG4="
		},
		"axios": {
			"version": "0.16.2",
			"resolved": "https://registry.npmjs.org/axios/-/axios-0.16.2.tgz",
			"integrity": "sha1-uk+S8XFn37q0CYN4VFS5rBScPG0="
		},
		"babel-jest": {
			"version": "20.0.3",
			"resolved": "https://registry.npmjs.org/babel-jest/-/babel-jest-20.0.3.tgz",
			"integrity": "sha1-5KA7E9wQOJ4UD8ZF0J/8TO0wFnE=",
			"dev": true
		},
		"babel-polyfill": {
			"version": "6.23.0",
			"resolved": "https://registry.npmjs.org/babel-polyfill/-/babel-polyfill-6.23.0.tgz",
			"integrity": "sha1-g2TKYt+Or7gwSZ9pkXdGbDsDSZ0=",
			"dependencies": {
				"core-js": {
					"version": "2.4.1",
					"resolved": "https://registry.npmjs.org/core-js/-/core-js-2.4.1.tgz",
					"integrity": "sha1-TekR5mew6ukSTjQlS1OupvxhjT4="
				}
			}
		},
		"babel-preset-react-native": {
			"version": "1.9.2",
			"resolved": "https://registry.npmjs.org/babel-preset-react-native/-/babel-preset-react-native-1.9.2.tgz",
			"integrity": "sha1-sird0uNV/zs5Zxt5voB+Ut+hRfI=",
			"dev": true
		},
		"chainsaw": {
			"version": "0.0.9",
			"resolved": "https://registry.npmjs.org/chainsaw/-/chainsaw-0.0.9.tgz",
			"integrity": "sha1-EaBRAtHEx4W20EFdM21aOhYSkT4=",
			"requires": {
				"traverse": ">=0.3.0 <0.4"
			}
		},
		"chalk": {
			"version": "1.1.3",
			"resolved": "https://registry.npmjs.org/chalk/-/chalk-1.1.3.tgz",
			"integrity": "sha1-qBFcVeSnAv5NFQq9OHKCKn4J/Jg="
		},
		"chardet": {
			"version": "0.4.2",
			"resolved": "https://registry.npmjs.org/chardet/-/chardet-0.4.2.tgz",
			"integrity": "sha1-tUc7M9yXxCTl2Y3IfVXU2KKci/I="
		},
		"cli-width": {
			"version": "2.1.0",
			"resolved": "https://registry.npmjs.org/cli-width/-/cli-width-2.1.0.tgz",
			"integrity": "sha1-sjTKIJsp72b8UY2bmNWEewDt8Ao="
		},
		"color": {
			"version": "3.2.1",
			"resolved": "https://registry.npmjs.org/color/-/color-3.2.1.tgz",
			"integrity": "sha512-aBl7dZI9ENN6fUGC7mWpMTPNHmWUSNan9tuWN6ahh5ZLNk9baLJOnSMlrQkHcrfFgz2/RigjUVAjdx36VcemKA==",
			"requires": {
				"color-convert": "^1.9.3",
				"color-string": "^1.6.0"
			},
			"dependencies": {
				"color-convert": {
					"version": "1.9.3",
					"resolved": "https://registry.npmjs.org/color-convert/-/color-convert-1.9.3.tgz",
					"integrity": "sha512-QfAUtd+vFdAtFQcC8CCyYt1fYWxSqAiK2cSD6zDB8N3cpsEBAvRxp9zOGg6G/SHHJYAT88/az/IuDGALsNVbGg==",
					"requires": {
						"color-name": "1.1.3"
					}
				},
				"color-name": {
					"version": "1.1.3",
					"resolved": "https://registry.npmjs.org/color-name/-/color-name-1.1.3.tgz",
					"integrity": "sha1-p9BVi9icQveV3UIyj3QIMcpTvCU="
				}
			}
		},
		"color-name": {
			"version": "1.1.2",
			"resolved": "https://registry.npmjs.org/color-name/-/color-name-1.1.2.tgz",
			"integrity": "sha1-XIq3K2S9IhXWF66VWeuxSEdc+Y0="
		},
		"color-string": {
			"version": "1.9.0",
			"resolved": "https://registry.npmjs.org/color-string/-/color-string-1.9.0.tgz",
			"integrity": "sha512-9Mrz2AQLefkH1UvASKj6v6hj/7eWgjnT/cVsR8CumieLoT+g900exWeNogqtweI8dxloXN9BDQTYro1oWu/5CQ==",
			"requires": {
				"color-name": "^1.0.0",
				"simple-swizzle": "^0.2.2"
			}
		},
		"create-react-class": {
			"version": "15.5.3",
			"resolved": "https://registry.npmjs.org/create-react-class/-/create-react-class-15.5.3.tgz",
			"integrity": "sha1-+w98rnkznpoXnhlO9Gbvo5I4IP4="
		},
		"decode-uri-component": {
			"version": "0.2.0",
			"resolved": "https://registry.npmjs.org/decode-uri-component/-/decode-uri-component-0.2.0.tgz",
			"integrity": "sha1-6zkTMzRYd1y4TNGh+uBiEGu4dUU="
		},
		"encoding": {
			"version": "0.1.12",
			"resolved": "https://registry.npmjs.org/encoding/-/encoding-0.1.12.tgz",
			"integrity": "sha1-U4tm8+5izRq1HsMjgp0flIDHS+s="
		},
		"escape-string-regexp": {
			"version": "1.0.5",
			"resolved": "https://registry.npmjs.org/escape-string-regexp/-/escape-string-regexp-1.0.5.tgz",
			"integrity": "sha1-G2HAViGQqN/2rjuyzwIAyhMLhtQ="
		},
		"external-editor": {
			"version": "2.2.0",
			"resolved": "https://registry.npmjs.org/external-editor/-/external-editor-2.2.0.tgz",
			"integrity": "sha512-bSn6gvGxKt+b7+6TKEv1ZycHleA7aHhRHyAqJyp5pbUFuYYNIzpZnQDk7AsYckyWdEnTeAnay0aCy2aV6iTk9A==",
			"requires": {
				"chardet": "^0.4.0",
				"iconv-lite": "^0.4.17",
				"tmp": "^0.0.33"
			}
		},
		"fbjs": {
			"version": "0.8.12",
			"resolved": "https://registry.npmjs.org/fbjs/-/fbjs-0.8.12.tgz",
			"integrity": "sha1-ELXZL3bUVXX9Y6IX1OoCvqL47QQ="
		},
		"filter-obj": {
			"version": "1.1.0",
			"resolved": "https://registry.npmjs.org/filter-obj/-/filter-obj-1.1.0.tgz",
			"integrity": "sha1-mzERErxsYSehbgFsbF1/GeCAXFs="
		},
		"hashish": {
			"version": "0.0.4",
			"resolved": "https://registry.npmjs.org/hashish/-/hashish-0.0.4.tgz",
			"integrity": "sha1-bWC8b/r3Ebav1g5CbQd5iAFOZVQ=",
			"requires": {
				"traverse": ">=0.2.4"
			}
		},
		"iconv-lite": {
			"version": "0.4.17",
			"resolved": "https://registry.npmjs.org/iconv-lite/-/iconv-lite-0.4.17.tgz",
			"integrity": "sha1-T9qjs4rLwsAxsEXQ7c3+HsqxjI0="
		},
		"is-stream": {
			"version": "1.1.0",
			"resolved": "https://registry.npmjs.org/is-stream/-/is-stream-1.1.0.tgz",
			"integrity": "sha1-EtSj3U5o4Lec6428hBc66A2RykQ="
		},
		"isarray": {
			"version": "0.0.1",
			"resolved": "https://registry.npmjs.org/isarray/-/isarray-0.0.1.tgz",
			"integrity": "sha1-ihis/Kmo9Bd+Cav8YDiTmwXR7t8="
		},
		"jest": {
			"version": "20.0.4",
			"resolved": "https://registry.npmjs.org/jest/-/jest-20.0.4.tgz",
			"integrity": "sha1-PdJgwpidba1nix6cxNkZRPbWAqw=",
			"dev": true,
			"dependencies": {
				"jest-cli": {
					"version": "20.0.4",
					"resolved": "https://registry.npmjs.org/jest-cli/-/jest-cli-20.0.4.tgz",
					"integrity": "sha1-5TKxnYiuW8bEF+iwWTpv6VSx3JM="
				}
			}
		},
		"js-tokens": {
			"version": "3.0.1",
			"resolved": "https://registry.npmjs.org/js-tokens/-/js-tokens-3.0.1.tgz",
			"integrity": "sha1-COnxMkhKLEWjCQfp3E1VZ7fxFNc="
		},
		"lodash": {
			"version": "4.17.4",
			"resolved": "https://registry.npmjs.org/lodash/-/lodash-4.17.4.tgz",
			"integrity": "sha1-eCA6TRwyiuHYbcpkYONptX9AVa4="
		},
		"lodash-es": {
			"version": "4.17.21",
			"resolved": "https://registry.npmjs.org/lodash-es/-/lodash-es-4.17.21.tgz",
			"integrity": "sha512-mKnC+QJ9pWVzv+C4/U3rRsHapFfHvQFoFB92e52xeyGMcX6/OlIl78je1u8vePzYZSkkogMPJ2yjxxsb89cxyw=="
		},
		"loose-envify": {
			"version": "1.3.1",
			"resolved": "https://registry.npmjs.org/loose-envify/-/loose-envify-1.3.1.tgz",
			"integrity": "sha1-0aitM/qc4OcT1l/dCsi3SNR4yEg="
		},
		"mimic-fn": {
			"version": "1.2.0",
			"resolved": "https://registry.npmjs.org/mimic-fn/-/mimic-fn-1.2.0.tgz",
			"integrity": "sha512-jf84uxzwiuiIVKiOLpfYk7N46TSy8ubTonmneY9vrpHNAnp0QBt2BxWV9dO3/j+BoVAb+a5G6YDPW3M5HOdMWQ=="
		},
		"object-assign": {
			"version": "4.1.1",
			"resolved": "https://registry.npmjs.org/object-assign/-/object-assign-4.1.1.tgz",
			"integrity": "sha1-IQmtx5ZYh8/AXLvUQsrIv7s2CGM="
		},
		"opencollective": {
			"version": "1.0.3",
			"resolved": "https://registry.npmjs.org/opencollective/-/opencollective-1.0.3.tgz",
			"integrity": "sha1-ruY3K8KBRFg2kMPKja7PwSDdDvE=",
			"requires": {
				"babel-polyfill": "6.23.0",
				"chalk": "1.1.3",
				"inquirer": "3.0.6",
				"minimist": "1.2.0",
				"node-fetch": "1.6.3",
				"opn": "4.0.2"
			},
			"dependencies": {
				"ansi-regex": {
					"version": "3.0.0",
					"resolved": "https://registry.npmjs.org/ansi-regex/-/ansi-regex-3.0.0.tgz",
					"integrity": "sha1-7QMXwyIGT3lGbAKWa922Bas32Zg="
				},
				"cli-cursor": {
					"version": "2.1.0",
					"resolved": "https://registry.npmjs.org/cli-cursor/-/cli-cursor-2.1.0.tgz",
					"integrity": "sha1-s12sN2R5+sw+lHR9QdDQ9SOP/LU=",
					"requires": {
						"restore-cursor": "^2.0.0"
					}
				},
				"figures": {
					"version": "2.0.0",
					"resolved": "https://registry.npmjs.org/figures/-/figures-2.0.0.tgz",
					"integrity": "sha1-OrGi0qYsi/tDGgyUy3l6L84nyWI=",
					"requires": {
						"escape-string-regexp": "^1.0.5"
					}
				},
				"inquirer": {
					"version": "3.0.6",
					"resolved": "https://registry.npmjs.org/inquirer/-/inquirer-3.0.6.tgz",
					"integrity": "sha1-4EqqnQW3o8ubD0B9BDdfBEcZA0c=",
					"requires": {
						"ansi-escapes": "^1.1.0",
						"chalk": "^1.0.0",
						"cli-cursor": "^2.1.0",
						"cli-width": "^2.0.0",
						"external-editor": "^2.0.1",
						"figures": "^2.0.0",
						"lodash": "^4.3.0",
						"mute-stream": "0.0.7",
						"run-async": "^2.2.0",
						"rx": "^4.1.0",
						"string-width": "^2.0.0",
						"strip-ansi": "^3.0.0",
						"through": "^2.3.6"
					}
				},
				"is-fullwidth-code-point": {
					"version": "2.0.0",
					"resolved": "https://registry.npmjs.org/is-fullwidth-code-point/-/is-fullwidth-code-point-2.0.0.tgz",
					"integrity": "sha1-o7MKXE8ZkYMWeqq5O+764937ZU8="
				},
				"minimist": {
					"version": "1.2.0",
					"resolved": "https://registry.npmjs.org/minimist/-/minimist-1.2.0.tgz",
					"integrity": "sha1-o1AIsg9BOD7sH7kU9M1d95omQoQ="
				},
				"mute-stream": {
					"version": "0.0.7",
					"resolved": "https://registry.npmjs.org/mute-stream/-/mute-stream-0.0.7.tgz",
					"integrity": "sha1-MHXOk7whuPq0PhvE2n6BFe0ee6s="
				},
				"node-fetch": {
					"version": "1.6.3",
					"resolved": "https://registry.npmjs.org/node-fetch/-/node-fetch-1.6.3.tgz",
					"integrity": "sha1-3CNO3WSJmC1Y6PDbT2lQKavNjAQ=",
					"requires": {
						"encoding": "^0.1.11",
						"is-stream": "^1.0.1"
					}
				},
				"onetime": {
					"version": "2.0.1",
					"resolved": "https://registry.npmjs.org/onetime/-/onetime-2.0.1.tgz",
					"integrity": "sha1-BnQoIw/WdEOyeUsiu6UotoZ5YtQ=",
					"requires": {
						"mimic-fn": "^1.0.0"
					}
				},
				"opn": {
					"version": "4.0.2",
					"resolved": "https://registry.npmjs.org/opn/-/opn-4.0.2.tgz",
					"integrity": "sha1-erwi5kTf9jsKltWrfyeQwPAavJU=",
					"requires": {
						"object-assign": "^4.0.1",
						"pinkie-promise": "^2.0.0"
					}
				},
				"restore-cursor": {
					"version": "2.0.0",
					"resolved": "https://registry.npmjs.org/restore-cursor/-/restore-cursor-2.0.0.tgz",
					"integrity": "sha1-n37ih/gv0ybU/RYpI9YhKe7g368=",
					"requires": {
						"onetime": "^2.0.0",
						"signal-exit": "^3.0.2"
					}
				},
				"run-async": {
					"version": "2.4.1",
					"resolved": "https://registry.npmjs.org/run-async/-/run-async-2.4.1.tgz",
					"integrity": "sha512-tvVnVv01b8c1RrA6Ep7JkStj85Guv/YrMcwqYQnwjsAS2cTmmPGBBjAjpCW7RrSodNSoE2/qg9O4bceNvUuDgQ=="
				},
				"string-width": {
					"version": "2.1.1",
					"resolved": "https://registry.npmjs.org/string-width/-/string-width-2.1.1.tgz",
					"integrity": "sha512-nOqH59deCq9SRHlxq1Aw85Jnt4w6KvLKqWVik6oA9ZklXLNIOlqg4F2yrT1MVaTjAqvVwdfeZ7w7aCvJD7ugkw==",
					"requires": {
						"is-fullwidth-code-point": "^2.0.0",
						"strip-ansi": "^4.0.0"
					},
					"dependencies": {
						"strip-ansi": {
							"version": "4.0.0",
							"resolved": "https://registry.npmjs.org/strip-ansi/-/strip-ansi-4.0.0.tgz",
							"integrity": "sha1-qEeQIusaw2iocTibY1JixQXuNo8=",
							"requires": {
								"ansi-regex": "^3.0.0"
							}
						}
					}
				}
			}
		},
		"os-tmpdir": {
			"version": "1.0.2",
			"resolved": "https://registry.npmjs.org/os-tmpdir/-/os-tmpdir-1.0.2.tgz",
			"integrity": "sha1-u+Z0BseaqFxc/sdm/lc0VV36EnQ="
		},
		"pinkie-promise": {
			"version": "2.0.1",
			"resolved": "https://registry.npmjs.org/pinkie-promise/-/pinkie-promise-2.0.1.tgz",
			"integrity": "sha1-ITXW36ejWMBprJsXh3YogihFD/o="
		},
		"prop-types": {
			"version": "15.5.10",
			"resolved": "https://registry.npmjs.org/prop-types/-/prop-types-15.5.10.tgz",
			"integrity": "sha1-J5ffwxJhguOpXj37suiT3ddFYVQ="
		},
		"query-string": {
			"version": "6.14.1",
			"resolved": "https://registry.npmjs.org/query-string/-/query-string-6.14.1.tgz",
			"integrity": "sha512-XDxAeVmpfu1/6IjyT/gXHOl+S0vQ9owggJ30hhWKdHAsNPOcasn5o9BW0eejZqL2e4vMjhAxoW3jVHcD6mbcYw==",
			"requires": {
				"decode-uri-component": "^0.2.0",
				"filter-obj": "^1.1.0",
				"split-on-first": "^1.0.0",
				"strict-uri-encode": "^2.0.0"
			}
		},
		"react": {
			"version": "16.0.0-alpha.12",
			"resolved": "https://registry.npmjs.org/react/-/react-16.0.0-alpha.12.tgz",
			"integrity": "sha1-jFlIUoFIXfMZtvd2gtjdBiHAgZQ=",
			"requires": {
				"create-react-class": "^15.5.2",
				"fbjs": "^0.8.9",
				"loose-envify": "^1.1.0",
				"object-assign": "^4.1.0",
				"prop-types": "^15.5.6"
			}
		},
		"react-is": {
			"version": "16.13.1",
			"resolved": "https://registry.npmjs.org/react-is/-/react-is-16.13.1.tgz",
			"integrity": "sha512-24e6ynE2H+OKt4kqsOvNd8kBpV65zoxbA4BVsEOB3ARVWQki/DHzaUoC5KuON/BiccDaCCTZBuOcfZs70kR8bQ=="
		},
		"react-lifecycles-compat": {
			"version": "3.0.4",
			"resolved": "https://registry.npmjs.org/react-lifecycles-compat/-/react-lifecycles-compat-3.0.4.tgz",
			"integrity": "sha512-fBASbA6LnOU9dOU2eW7aQ8xmYBSXUIWr+UmF9b1efZBazGNO+rcXT/icdKnYm2pTwcRylVUYwW7H1PHfLekVzA=="
		},
		"react-native": {
			"version": "0.45.1",
			"resolved": "https://registry.npmjs.org/react-native/-/react-native-0.45.1.tgz",
			"integrity": "sha1-syg8SogjNCH5xmKi/xpMzIqfB8A=",
			"dependencies": {
				"bser": {
					"version": "1.0.3",
					"resolved": "https://registry.npmjs.org/bser/-/bser-1.0.3.tgz",
					"integrity": "sha1-1j2hnuFzMKDiYNKjRCKyGolSAxc="
				},
				"core-js": {
					"version": "2.4.1",
					"resolved": "https://registry.npmjs.org/core-js/-/core-js-2.4.1.tgz",
					"integrity": "sha1-TekR5mew6ukSTjQlS1OupvxhjT4="
				},
				"fb-watchman": {
					"version": "1.9.2",
					"resolved": "https://registry.npmjs.org/fb-watchman/-/fb-watchman-1.9.2.tgz",
					"integrity": "sha1-okz0eCf4LTj7Waaa1wt247auc4M=",
					"dependencies": {
						"bser": {
							"version": "1.0.2",
							"resolved": "https://registry.npmjs.org/bser/-/bser-1.0.2.tgz",
							"integrity": "sha1-OBEWlwsqbe6lZG3RXdcnhES1YWk="
						}
					}
				},
				"json5": {
					"version": "0.4.0",
					"resolved": "https://registry.npmjs.org/json5/-/json5-0.4.0.tgz",
					"integrity": "sha1-BUNS5MTIDIbAkjh31EneF2pzLI0="
				},
				"mime-db": {
					"version": "1.23.0",
					"resolved": "https://registry.npmjs.org/mime-db/-/mime-db-1.23.0.tgz",
					"integrity": "sha1-oxtAcK2uon1zLqMzdApk0OyaZlk="
				},
				"mime-types": {
					"version": "2.1.11",
					"resolved": "https://registry.npmjs.org/mime-types/-/mime-types-2.1.11.tgz",
					"integrity": "sha1-wlnEcb2oCKhdbNGTtDCl+uRHOzw="
				},
				"minimist": {
					"version": "1.2.0",
					"resolved": "https://registry.npmjs.org/minimist/-/minimist-1.2.0.tgz",
					"integrity": "sha1-o1AIsg9BOD7sH7kU9M1d95omQoQ="
				},
				"pretty-format": {
					"version": "4.3.1",
					"resolved": "https://registry.npmjs.org/pretty-format/-/pretty-format-4.3.1.tgz",
					"integrity": "sha1-UwvlxCs8BbNkFKeipDN6qArNDo0="
				},
				"regenerator-runtime": {
					"version": "0.9.6",
					"resolved": "https://registry.npmjs.org/regenerator-runtime/-/regenerator-runtime-0.9.6.tgz",
					"integrity": "sha1-0z65XQ0gAaS+OWWXB8UbDLcc4Ck="
				},
				"sane": {
					"version": "1.4.1",
					"resolved": "https://registry.npmjs.org/sane/-/sane-1.4.1.tgz",
					"integrity": "sha1-iPdj10BA9fDCVrYWPbOZvxEKxxU="
				},
				"uglify-js": {
					"version": "2.7.5",
					"resolved": "https://registry.npmjs.org/uglify-js/-/uglify-js-2.7.5.tgz",
					"integrity": "sha1-RhLAx7qu4rp8SH3kkErhIgefLKg=",
					"dependencies": {
						"async": {
							"version": "0.2.10",
							"resolved": "https://registry.npmjs.org/async/-/async-0.2.10.tgz",
							"integrity": "sha1-trvgsGdLnXGXCMo43owjfLUmw9E="
						},
						"yargs": {
							"version": "3.10.0",
							"resolved": "https://registry.npmjs.org/yargs/-/yargs-3.10.0.tgz",
							"integrity": "sha1-9+572FfdfB0tOMDnTvvWgdFDH9E="
						}
					}
				},
				"whatwg-fetch": {
					"version": "1.1.1",
					"resolved": "https://registry.npmjs.org/whatwg-fetch/-/whatwg-fetch-1.1.1.tgz",
					"integrity": "sha1-rDydOfMgxtzlM5lp0FTvQ90zMxk="
				},
				"wordwrap": {
					"version": "1.0.0",
					"resolved": "https://registry.npmjs.org/wordwrap/-/wordwrap-1.0.0.tgz",
					"integrity": "sha1-J1hIEIkUVqQXHI0CJkQa3pDLyus="
				},
				"yargs": {
					"version": "6.6.0",
					"resolved": "https://registry.npmjs.org/yargs/-/yargs-6.6.0.tgz",
					"integrity": "sha1-eC7CHvQDNF+DCoCMo9UTr1YGUgg=",
					"dependencies": {
						"camelcase": {
							"version": "3.0.0",
							"resolved": "https://registry.npmjs.org/camelcase/-/camelcase-3.0.0.tgz",
							"integrity": "sha1-MvxLn82vhF/N9+c7uXysImHwqwo="
						},
						"cliui": {
							"version": "3.2.0",
							"resolved": "https://registry.npmjs.org/cliui/-/cliui-3.2.0.tgz",
							"integrity": "sha1-EgYBU3qRbSmUD5NNo7SNWFo5IT0="
						}
					}
				},
				"yargs-parser": {
					"version": "4.2.1",
					"resolved": "https://registry.npmjs.org/yargs-parser/-/yargs-parser-4.2.1.tgz",
					"integrity": "sha1-KczqwNxPA8bIe0qfIX3RjJ90hxw=",
					"dependencies": {
						"camelcase": {
							"version": "3.0.0",
							"resolved": "https://registry.npmjs.org/camelcase/-/camelcase-3.0.0.tgz",
							"integrity": "sha1-MvxLn82vhF/N9+c7uXysImHwqwo="
						}
					}
				}
			}
		},
		"react-native-iphone-x-helper": {
			"version": "1.3.1",
			"resolved": "https://registry.npmjs.org/react-native-iphone-x-helper/-/react-native-iphone-x-helper-1.3.1.tgz",
			"integrity": "sha512-HOf0jzRnq2/aFUcdCJ9w9JGzN3gdEg0zFE4FyYlp4jtidqU03D5X7ZegGKfT1EWteR0gPBGp9ye5T5FvSWi9Yg=="
		},
		"react-native-router-flux": {
			"version": "4.3.1",
			"resolved": "https://registry.npmjs.org/react-native-router-flux/-/react-native-router-flux-4.3.1.tgz",
			"integrity": "sha512-WeNgkHvRGIUz/AlfdSiTAjctgbIzC9oyPJ4yvGKxuM0qohltDjdB4a02vlNSjve7NS+5aSQMEWZAfINgnZGg+w==",
			"requires": {
				"@babel/runtime": "^7.6.0",
				"add": "^2.0.6",
				"lodash": "^4.17.15",
				"opencollective": "^1.0.3",
				"path-to-regexp": "^2.4.0",
				"prop-types": "^15.6.2",
				"react-navigation": "^4.x",
				"react-navigation-drawer": "^2.2.1",
				"react-navigation-stack": "^2.10.2",
				"react-navigation-tabs": "^2.10.1",
				"remove": "^0.1.5"
			},
			"dependencies": {
				"lodash": {
					"version": "4.17.21",
					"resolved": "https://registry.npmjs.org/lodash/-/lodash-4.17.21.tgz",
					"integrity": "sha512-v2kDEe57lecTulaDIuNTPy3Ry4gLGJ6Z1O3vE1krgXZNrsQ+LFTGHVxVjcXPs17LhbZVGedAJv8XZ1tvj5FvSg=="
				},
				"loose-envify": {
					"version": "1.4.0",
					"resolved": "https://registry.npmjs.org/loose-envify/-/loose-envify-1.4.0.tgz",
					"integrity": "sha512-lyuxPGr/Wfhrlem2CL/UcnUc1zcqKAImBDzukY7Y5F/yQiNdko6+fRLevlw1HgMySw7f611UIY408EtxRSoK3Q==",
					"requires": {
						"js-tokens": "^3.0.0 || ^4.0.0"
					}
				},
				"path-to-regexp": {
					"version": "2.4.0",
					"resolved": "https://registry.npmjs.org/path-to-regexp/-/path-to-regexp-2.4.0.tgz",
					"integrity": "sha512-G6zHoVqC6GGTQkZwF4lkuEyMbVOjoBKAEybQUypI1WTkqinCOrq2x6U2+phkJ1XsEMTy4LjtwPI7HW+NVrRR2w=="
				},
				"prop-types": {
					"version": "15.8.1",
					"resolved": "https://registry.npmjs.org/prop-types/-/prop-types-15.8.1.tgz",
					"integrity": "sha512-oj87CgZICdulUohogVAR7AjlC0327U4el4L6eAvOqCeudMDVU0NThNaV+b9Df4dXgSP1gXMTnPdhfe/2qDH5cg==",
					"requires": {
						"loose-envify": "^1.4.0",
						"object-assign": "^4.1.1",
						"react-is": "^16.13.1"
					}
				},
				"react-navigation": {
					"version": "4.4.4",
					"resolved": "https://registry.npmjs.org/react-navigation/-/react-navigation-4.4.4.tgz",
					"integrity": "sha512-08Nzy1aKEd73496CsuzN49vLFmxPKYF5WpKGgGvkQ10clB79IRM2BtAfVl6NgPKuUM8FXq1wCsrjo/c5ftl5og==",
					"requires": {
						"@react-navigation/core": "^3.7.9",
						"@react-navigation/native": "^3.8.4"
					}
				}
			}
		},
		"react-native-safe-area-view": {
			"version": "0.14.9",
			"resolved": "https://registry.npmjs.org/react-native-safe-area-view/-/react-native-safe-area-view-0.14.9.tgz",
			"integrity": "sha512-WII/ulhpVyL/qbYb7vydq7dJAfZRBcEhg4/UWt6F6nAKpLa3gAceMOxBxI914ppwSP/TdUsandFy6lkJQE0z4A==",
			"requires": {
				"hoist-non-react-statics": "^2.3.1"
			},
			"dependencies": {
				"hoist-non-react-statics": {
					"version": "2.5.5",
					"resolved": "https://registry.npmjs.org/hoist-non-react-statics/-/hoist-non-react-statics-2.5.5.tgz",
					"integrity": "sha512-rqcy4pJo55FTTLWt+bU8ukscqHeE/e9KWvsOW2b/a3afxQZhwkQdT1rPPCJ0rYXdj4vNcasY8zHTH+jF/qStxw=="
				}
			}
		},
		"react-navigation-drawer": {
			"version": "2.7.1",
			"resolved": "https://registry.npmjs.org/react-navigation-drawer/-/react-navigation-drawer-2.7.1.tgz",
			"integrity": "sha512-W36XDl+Ts5uGNr6Ryt1xGrQ5JTeddPmvR31bNX7o6Oo7OsdPZ3b1+oMDoRClGca0d6Ggo7btIqiWUsUshm+p/g=="
		},
		"react-navigation-stack": {
			"version": "2.10.4",
			"resolved": "https://registry.npmjs.org/react-navigation-stack/-/react-navigation-stack-2.10.4.tgz",
			"integrity": "sha512-3LE1PFsFV9v4PUlZRATMotqs6H7MOOpIKtjyP+l8D1cyzYmsMQh3EFikeDfzGQUXIvy8VyLAMtcEssicQPYvFA==",
			"requires": {
				"color": "^3.1.3",
				"react-native-iphone-x-helper": "^1.3.0"
			}
		},
		"react-navigation-tabs": {
			"version": "2.11.1",
			"resolved": "https://registry.npmjs.org/react-navigation-tabs/-/react-navigation-tabs-2.11.1.tgz",
			"integrity": "sha512-wq2wR3awu6PKimmVOycBf+iTPA9FWThbJwcaDBQEhQiiviXQzAtT3lw3nV9oqNIg4v65tdPhL1Dg8ptTJ03NjQ==",
			"requires": {
				"hoist-non-react-statics": "^3.3.2",
				"react-lifecycles-compat": "^3.0.4",
				"react-native-iphone-x-helper": "^1.3.0",
				"react-native-tab-view": "^2.15.2"
			},
			"dependencies": {
				"hoist-non-react-statics": {
					"version": "3.3.2",
					"resolved": "https://registry.npmjs.org/hoist-non-react-statics/-/hoist-non-react-statics-3.3.2.tgz",
					"integrity": "sha512-/gGivxi8JPKWNm/W0jSmzcMPpfpPLc3dY/6GxhX2hQ9iGj3aDfklV4ET7NjKpSinLpJ5vafa9iiGIEZg10SfBw==",
					"requires": {
						"react-is": "^16.7.0"
					}
				},
				"react-native-tab-view": {
					"version": "2.16.0",
					"resolved": "https://registry.npmjs.org/react-native-tab-view/-/react-native-tab-view-2.16.0.tgz",
					"integrity": "sha512-ac2DmT7+l13wzIFqtbfXn4wwfgtPoKzWjjZyrK1t+T8sdemuUvD4zIt+UImg03fu3s3VD8Wh/fBrIdcqQyZJWg=="
				}
			}
		},
		"react-navigator": {
			"version": "0.0.0-0",
			"resolved": "https://registry.npmjs.org/react-navigator/-/react-navigator-0.0.0-0.tgz",
			"integrity": "sha1-jIdpZl1zTXuLm0vX4GwCfQhlZrI="
		},
		"react-redux": {
			"version": "5.1.2",
			"resolved": "https://registry.npmjs.org/react-redux/-/react-redux-5.1.2.tgz",
			"integrity": "sha512-Ns1G0XXc8hDyH/OcBHOxNgQx9ayH3SPxBnFCOidGKSle8pKihysQw2rG/PmciUQRoclhVBO8HMhiRmGXnDja9Q==",
			"requires": {
				"@babel/runtime": "^7.1.2",
				"hoist-non-react-statics": "^3.3.0",
				"invariant": "^2.2.4",
				"loose-envify": "^1.1.0",
				"prop-types": "^15.6.1",
				"react-is": "^16.6.0",
				"react-lifecycles-compat": "^3.0.0"
			},
			"dependencies": {
				"hoist-non-react-statics": {
					"version": "3.3.2",
					"resolved": "https://registry.npmjs.org/hoist-non-react-statics/-/hoist-non-react-statics-3.3.2.tgz",
					"integrity": "sha512-/gGivxi8JPKWNm/W0jSmzcMPpfpPLc3dY/6GxhX2hQ9iGj3aDfklV4ET7NjKpSinLpJ5vafa9iiGIEZg10SfBw==",
					"requires": {
						"react-is": "^16.7.0"
					}
				},
				"invariant": {
					"version": "2.2.4",
					"resolved": "https://registry.npmjs.org/invariant/-/invariant-2.2.4.tgz",
					"integrity": "sha512-phJfQVBuaJM5raOpJjSfkiD6BpbCE4Ns//LaXl6wGYtUBY83nWS6Rf9tXm2e8VaK60JEjYldbPif/A2B1C2gNA==",
					"requires": {
						"loose-envify": "^1.0.0"
					}
				},
				"prop-types": {
					"version": "15.8.1",
					"resolved": "https://registry.npmjs.org/prop-types/-/prop-types-15.8.1.tgz",
					"integrity": "sha512-oj87CgZICdulUohogVAR7AjlC0327U4el4L6eAvOqCeudMDVU0NThNaV+b9Df4dXgSP1gXMTnPdhfe/2qDH5cg==",
					"requires": {
						"loose-envify": "^1.4.0",
						"object-assign": "^4.1.1",
						"react-is": "^16.13.1"
					},
					"dependencies": {
						"loose-envify": {
							"version": "1.4.0",
							"resolved": "https://registry.npmjs.org/loose-envify/-/loose-envify-1.4.0.tgz",
							"integrity": "sha512-lyuxPGr/Wfhrlem2CL/UcnUc1zcqKAImBDzukY7Y5F/yQiNdko6+fRLevlw1HgMySw7f611UIY408EtxRSoK3Q==",
							"requires": {
								"js-tokens": "^3.0.0 || ^4.0.0"
							}
						}
					}
				}
			}
		},
		"react-test-renderer": {
			"version": "16.0.0-alpha.6",
			"resolved": "https://registry.npmjs.org/react-test-renderer/-/react-test-renderer-16.0.0-alpha.6.tgz",
			"integrity": "sha1-wDLe8NyDGc7jnKpOQ3OmABnLN4Y=",
			"dev": true
		},
		"redux": {
			"version": "3.7.2",
			"resolved": "https://registry.npmjs.org/redux/-/redux-3.7.2.tgz",
			"integrity": "sha512-pNqnf9q1hI5HHZRBkj3bAngGZW/JMCmexDlOxw4XagXY2o1327nHH54LoTjiPJ0gizoqPDRqWyX/00g0hD6w+A==",
			"requires": {
				"lodash": "^4.2.1",
				"lodash-es": "^4.2.1",
				"loose-envify": "^1.1.0",
				"symbol-observable": "^1.0.3"
			}
		},
		"redux-thunk": {
			"version": "2.4.1",
			"resolved": "https://registry.npmjs.org/redux-thunk/-/redux-thunk-2.4.1.tgz",
			"integrity": "sha512-OOYGNY5Jy2TWvTL1KgAlVy6dcx3siPJ1wTq741EPyUKfn6W6nChdICjZwCd0p8AZBs5kWpZlbkXW2nE/zjUa+Q=="
		},
		"remove": {
			"version": "0.1.5",
			"resolved": "https://registry.npmjs.org/remove/-/remove-0.1.5.tgz",
			"integrity": "sha1-CV/9gn1lyfQa2X0z5BanWBEHmVU=",
			"requires": {
				"seq": ">= 0.3.5"
			}
		},
		"rx": {
			"version": "4.1.0",
			"resolved": "https://registry.npmjs.org/rx/-/rx-4.1.0.tgz",
			"integrity": "sha1-pfE/957zt0D+MKqAP7CfmIBdR4I="
		},
		"seq": {
			"version": "0.3.5",
			"resolved": "https://registry.npmjs.org/seq/-/seq-0.3.5.tgz",
			"integrity": "sha1-rgKvOkJHk9jMvyEtaRdODFTf/jg=",
			"requires": {
				"chainsaw": ">=0.0.7 <0.1",
				"hashish": ">=0.0.2 <0.1"
			}
		},
		"signal-exit": {
			"version": "3.0.6",
			"resolved": "https://registry.npmjs.org/signal-exit/-/signal-exit-3.0.6.tgz",
			"integrity": "sha512-sDl4qMFpijcGw22U5w63KmD3cZJfBuFlVNbVMKje2keoKML7X2UzWbc4XrmEbDwg0NXJc3yv4/ox7b+JWb57kQ=="
		},
		"simple-swizzle": {
			"version": "0.2.2",
			"resolved": "https://registry.npmjs.org/simple-swizzle/-/simple-swizzle-0.2.2.tgz",
			"integrity": "sha1-pNprY1/8zMoz9w0Xy5JZLeleVXo=",
			"requires": {
				"is-arrayish": "^0.3.1"
			},
			"dependencies": {
				"is-arrayish": {
					"version": "0.3.2",
					"resolved": "https://registry.npmjs.org/is-arrayish/-/is-arrayish-0.3.2.tgz",
					"integrity": "sha512-eVRqCvVlZbuw3GrM63ovNSNAeA1K16kaR/LRY/92w0zxQ5/1YzwblUX652i4Xs9RwAGjW9d9y6X88t8OaAJfWQ=="
				}
			}
		},
		"split-on-first": {
			"version": "1.1.0",
			"resolved": "https://registry.npmjs.org/split-on-first/-/split-on-first-1.1.0.tgz",
			"integrity": "sha512-43ZssAJaMusuKWL8sKUBQXHWOpq8d6CfN/u1p4gUzfJkM05C8rxTmYrkIPTXapZpORA6LkkzcUulJ8FqA7Uudw=="
		},
		"strict-uri-encode": {
			"version": "2.0.0",
			"resolved": "https://registry.npmjs.org/strict-uri-encode/-/strict-uri-encode-2.0.0.tgz",
			"integrity": "sha1-ucczDHBChi9rFC3CdLvMWGbONUY="
		},
		"strip-ansi": {
			"version": "3.0.1",
			"resolved": "https://registry.npmjs.org/strip-ansi/-/strip-ansi-3.0.1.tgz",
			"integrity": "sha1-ajhfuIU9lS1f8F0Oiq+UJ43GPc8="
		},
		"symbol-observable": {
			"version": "1.2.0",
			"resolved": "https://registry.npmjs.org/symbol-observable/-/symbol-observable-1.2.0.tgz",
			"integrity": "sha512-e900nM8RRtGhlV36KGEU9k65K3mPb1WV70OdjfxlG2EAuM1noi/E/BaW/uMhL7bPEssK8QV57vN3esixjUvcXQ=="
		},
		"through": {
			"version": "2.3.8",
			"resolved": "https://registry.npmjs.org/through/-/through-2.3.8.tgz",
			"integrity": "sha1-DdTJ/6q8NXlgsbckEV1+Doai4fU="
		},
		"tmp": {
			"version": "0.0.33",
			"resolved": "https://registry.npmjs.org/tmp/-/tmp-0.0.33.tgz",
			"integrity": "sha512-jRCJlojKnZ3addtTOjdIqoRuPEKBvNXcGYqzO6zWZX8KfKEpnGY5jfggJQ3EjKuu8D4bJRr0y+cYJFmYbImXGw==",
			"requires": {
				"os-tmpdir": "~1.0.2"
			}
		},
		"traverse": {
			"version": "0.3.9",
			"resolved": "https://registry.npmjs.org/traverse/-/traverse-0.3.9.tgz",
			"integrity": "sha1-cXuPIgzAu3tE5AUUwisui7xw2Lk="
		}
	}
}
